
Microsoft Visual Studio Solution File, Format Version 12.00
# Visual Studio Version 17
VisualStudioVersion = 17.0.31912.275
MinimumVisualStudioVersion = 10.0.40219.1
Project("{FAE04EC0-301F-11D3-BF4B-00C04F79EFBC}") = "Demo 2.5", "Demo 2.5\Demo 2.5.csproj", "{4D71AE33-D3D1-44CB-B684-0540E24EDC79}"
EndProject
Global
	GlobalSection(SolutionConfigurationPlatforms) = preSolution
		Debug|Any CPU = Debug|Any CPU
		Release|Any CPU = Release|Any CPU
	EndGlobalSection
	GlobalSection(ProjectConfigurationPlatforms) = postSolution
		{4D71AE33-D3D1-44CB-B684-0540E24EDC79}.Debug|Any CPU.ActiveCfg = Debug|Any CPU
		{4D71AE33-D3D1-44CB-B684-0540E24EDC79}.Debug|Any CPU.Build.0 = Debug|Any CPU
		{4D71AE33-D3D1-44CB-B684-0540E24EDC79}.Release|Any CPU.ActiveCfg = Release|Any CPU
		{4D71AE33-D3D1-44CB-B684-0540E24EDC79}.Release|Any CPU.Build.0 = Release|Any CPU
	EndGlobalSection
	GlobalSection(SolutionProperties) = preSolution
		HideSolutionNode = FALSE
	EndGlobalSection
	GlobalSection(ExtensibilityGlobals) = postSolution
		SolutionGuid = {BB5D9519-8413-46A4-A774-143BD5592AB9}
	EndGlobalSection
EndGlobal
